// !$*UTF8*$!
{
	archiveVersion = 1;
	classes = {
	};
	objectVersion = 54;
	objects = {

/* Begin PBXBuildFile section */
		2A5A7D7E27ADA4C50095A34E /* AppDelegate.swift in Sources */ = {isa = PBXBuildFile; fileRef = 2A5A7D7D27ADA4C50095A34E /* AppDelegate.swift */; };
		2A5A7D8027ADA4C50095A34E /* ViewController.swift in Sources */ = {isa = PBXBuildFile; fileRef = 2A5A7D7F27ADA4C50095A34E /* ViewController.swift */; };
		2A5A7D8227ADA4C60095A34E /* Assets.xcassets in Resources */ = {isa = PBXBuildFile; fileRef = 2A5A7D8127ADA4C60095A34E /* Assets.xcassets */; };
		2A5A7D8527ADA4C60095A34E /* Main.storyboard in Resources */ = {isa = PBXBuildFile; fileRef = 2A5A7D8327ADA4C60095A34E /* Main.storyboard */; };
		2A68C7C027AE9C7200872543 /* script in Resources */ = {isa = PBXBuildFile; fileRef = 2A68C7BF27AE9C7200872543 /* script */; };
		2A9DE54927B3D5DA000D9B73 /* Localizable.strings in Resources */ = {isa = PBXBuildFile; fileRef = 2A9DE54727B3D5DA000D9B73 /* Localizable.strings */; };
		2AFE49F727BFE82B0077D54A /* Sparkle in Frameworks */ = {isa = PBXBuildFile; productRef = 2AFE49F627BFE82B0077D54A /* Sparkle */; };
		2AFE49FA27BFE9900077D54A /* simcity_4.html in Resources */ = {isa = PBXBuildFile; fileRef = 2AFE49F927BFE9900077D54A /* simcity_4.html */; };
/* End PBXBuildFile section */

/* Begin PBXFileReference section */
		2A5A7D7A27ADA4C50095A34E /* Game Config SimCity 4.app */ = {isa = PBXFileReference; explicitFileType = wrapper.application; includeInIndex = 0; path = "Game Config SimCity 4.app"; sourceTree = BUILT_PRODUCTS_DIR; };
		2A5A7D7D27ADA4C50095A34E /* AppDelegate.swift */ = {isa = PBXFileReference; lastKnownFileType = sourcecode.swift; path = AppDelegate.swift; sourceTree = "<group>"; };
		2A5A7D7F27ADA4C50095A34E /* ViewController.swift */ = {isa = PBXFileReference; lastKnownFileType = sourcecode.swift; path = ViewController.swift; sourceTree = "<group>"; };
		2A5A7D8127ADA4C60095A34E /* Assets.xcassets */ = {isa = PBXFileReference; lastKnownFileType = folder.assetcatalog; path = Assets.xcassets; sourceTree = "<group>"; };
		2A5A7D8427ADA4C60095A34E /* Base */ = {isa = PBXFileReference; lastKnownFileType = file.storyboard; name = Base; path = Base.lproj/Main.storyboard; sourceTree = "<group>"; };
		2A68C7BF27AE9C7200872543 /* script */ = {isa = PBXFileReference; lastKnownFileType = folder; path = script; sourceTree = "<group>"; };
		2A9DE54627B3D14E000D9B73 /* de */ = {isa = PBXFileReference; lastKnownFileType = text.plist.strings; name = de; path = de.lproj/Main.strings; sourceTree = "<group>"; };
		2A9DE54827B3D5DA000D9B73 /* de */ = {isa = PBXFileReference; lastKnownFileType = text.plist.strings; name = de; path = de.lproj/Localizable.strings; sourceTree = "<group>"; };
		2AFE49F827BFE8D70077D54A /* Game-Config-SimCity-4-Info.plist */ = {isa = PBXFileReference; lastKnownFileType = text.plist; path = "Game-Config-SimCity-4-Info.plist"; sourceTree = SOURCE_ROOT; };
		2AFE49F927BFE9900077D54A /* simcity_4.html */ = {isa = PBXFileReference; fileEncoding = 4; lastKnownFileType = text.html; path = simcity_4.html; sourceTree = "<group>"; };
/* End PBXFileReference section */

/* Begin PBXFrameworksBuildPhase section */
		2A5A7D7727ADA4C50095A34E /* Frameworks */ = {
			isa = PBXFrameworksBuildPhase;
			buildActionMask = 2147483647;
			files = (
				2AFE49F727BFE82B0077D54A /* Sparkle in Frameworks */,
			);
			runOnlyForDeploymentPostprocessing = 0;
		};
/* End PBXFrameworksBuildPhase section */

/* Begin PBXGroup section */
		2A5A7D7127ADA4C50095A34E = {
			isa = PBXGroup;
			children = (
				2A9DE54727B3D5DA000D9B73 /* Localizable.strings */,
				2A5A7D7C27ADA4C50095A34E /* Game Config SimCity 4 */,
				2A5A7D7B27ADA4C50095A34E /* Products */,
			);
			sourceTree = "<group>";
		};
		2A5A7D7B27ADA4C50095A34E /* Products */ = {
			isa = PBXGroup;
			children = (
				2A5A7D7A27ADA4C50095A34E /* Game Config SimCity 4.app */,
			);
			name = Products;
			sourceTree = "<group>";
		};
		2A5A7D7C27ADA4C50095A34E /* Game Config SimCity 4 */ = {
			isa = PBXGroup;
			children = (
				2AFE49F827BFE8D70077D54A /* Game-Config-SimCity-4-Info.plist */,
				2A68C7BF27AE9C7200872543 /* script */,
				2A5A7D7D27ADA4C50095A34E /* AppDelegate.swift */,
				2A5A7D7F27ADA4C50095A34E /* ViewController.swift */,
				2A5A7D8127ADA4C60095A34E /* Assets.xcassets */,
				2AFE49F927BFE9900077D54A /* simcity_4.html */,
				2A5A7D8327ADA4C60095A34E /* Main.storyboard */,
			);
			path = "Game Config SimCity 4";
			sourceTree = "<group>";
		};
/* End PBXGroup section */

/* Begin PBXNativeTarget section */
		2A5A7D7927ADA4C50095A34E /* Game Config SimCity 4 */ = {
			isa = PBXNativeTarget;
			buildConfigurationList = 2A5A7D8927ADA4C60095A34E /* Build configuration list for PBXNativeTarget "Game Config SimCity 4" */;
			buildPhases = (
				2A5A7D7627ADA4C50095A34E /* Sources */,
				2A5A7D7727ADA4C50095A34E /* Frameworks */,
				2A5A7D7827ADA4C50095A34E /* Resources */,
				2AFE49FB27BFEA9A0077D54A /* To Homeshare */,
			);
			buildRules = (
			);
			dependencies = (
			);
			name = "Game Config SimCity 4";
			packageProductDependencies = (
				2AFE49F627BFE82B0077D54A /* Sparkle */,
			);
			productName = "Spiel Einstellungen";
			productReference = 2A5A7D7A27ADA4C50095A34E /* Game Config SimCity 4.app */;
			productType = "com.apple.product-type.application";
		};
/* End PBXNativeTarget section */

/* Begin PBXProject section */
		2A5A7D7227ADA4C50095A34E /* Project object */ = {
			isa = PBXProject;
			attributes = {
				BuildIndependentTargetsInParallel = 1;
				LastSwiftUpdateCheck = 1320;
				LastUpgradeCheck = 1320;
				ORGANIZATIONNAME = "Sascha Lamprecht";
				TargetAttributes = {
					2A5A7D7927ADA4C50095A34E = {
						CreatedOnToolsVersion = 13.2.1;
					};
				};
			};
			buildConfigurationList = 2A5A7D7527ADA4C50095A34E /* Build configuration list for PBXProject "Game Config SimCity 4" */;
			compatibilityVersion = "Xcode 12.0";
			developmentRegion = en;
			hasScannedForEncodings = 0;
			knownRegions = (
				en,
				Base,
				de,
			);
			mainGroup = 2A5A7D7127ADA4C50095A34E;
			packageReferences = (
				2AFE49F527BFE82B0077D54A /* XCRemoteSwiftPackageReference "Sparkle" */,
			);
			productRefGroup = 2A5A7D7B27ADA4C50095A34E /* Products */;
			projectDirPath = "";
			projectRoot = "";
			targets = (
				2A5A7D7927ADA4C50095A34E /* Game Config SimCity 4 */,
			);
		};
/* End PBXProject section */

/* Begin PBXResourcesBuildPhase section */
		2A5A7D7827ADA4C50095A34E /* Resources */ = {
			isa = PBXResourcesBuildPhase;
			buildActionMask = 2147483647;
			files = (
				2A68C7C027AE9C7200872543 /* script in Resources */,
				2A9DE54927B3D5DA000D9B73 /* Localizable.strings in Resources */,
				2A5A7D8227ADA4C60095A34E /* Assets.xcassets in Resources */,
				2AFE49FA27BFE9900077D54A /* simcity_4.html in Resources */,
				2A5A7D8527ADA4C60095A34E /* Main.storyboard in Resources */,
			);
			runOnlyForDeploymentPostprocessing = 0;
		};
/* End PBXResourcesBuildPhase section */

/* Begin PBXShellScriptBuildPhase section */
		2AFE49FB27BFEA9A0077D54A /* To Homeshare */ = {
			isa = PBXShellScriptBuildPhase;
			buildActionMask = 2147483647;
			files = (
			);
			inputFileListPaths = (
			);
			inputPaths = (
			);
			name = "To Homeshare";
			outputFileListPaths = (
			);
			outputPaths = (
			);
			runOnlyForDeploymentPostprocessing = 0;
			shellPath = /bin/bash;
			shellScript = "# Type a script or drag a script file from your workspace to insert its path.\n#find \"${TARGET_BUILD_DIR}\"/\"${PRODUCT_NAME}.app\"/Contents/Resources -type d -name \"Sparkle.framework\" -exec rm -r \"{}\" \\;\n\nif [ -d /Volumes/Homeshare/Xcode/simcity4 ]; then\n    echo \"\"\n    cp \"/Users/luigi/Documents/Xcode/gameconfig_simcity_4/Game Config SimCity 4/simcity_4.html\" \"/Volumes/Homeshare/Xcode/simcity4/upload/simcity4.html\"\n    #rm /Volumes/Homeshare/Xcode/simcity4/upload/*.zip 2> /dev/null\n    #rm -r \"/Users/luigi/Desktop/Game Config.app\" 2> /dev/null\n    #cp -r \"${TARGET_BUILD_DIR}\"/\"${PRODUCT_NAME}.app\" \"/Users/luigi/Desktop/Game Config.app\"\n    #ditto -c -k --sequesterRsrc --keepParent \"/Users/luigi/Desktop/Game Config.app\" /Volumes/Homeshare/Xcode/simcity4/upload/simcity4.zip\nfi\n";
		};
/* End PBXShellScriptBuildPhase section */

/* Begin PBXSourcesBuildPhase section */
		2A5A7D7627ADA4C50095A34E /* Sources */ = {
			isa = PBXSourcesBuildPhase;
			buildActionMask = 2147483647;
			files = (
				2A5A7D8027ADA4C50095A34E /* ViewController.swift in Sources */,
				2A5A7D7E27ADA4C50095A34E /* AppDelegate.swift in Sources */,
			);
			runOnlyForDeploymentPostprocessing = 0;
		};
/* End PBXSourcesBuildPhase section */

/* Begin PBXVariantGroup section */
		2A5A7D8327ADA4C60095A34E /* Main.storyboard */ = {
			isa = PBXVariantGroup;
			children = (
				2A5A7D8427ADA4C60095A34E /* Base */,
				2A9DE54627B3D14E000D9B73 /* de */,
			);
			name = Main.storyboard;
			sourceTree = "<group>";
		};
		2A9DE54727B3D5DA000D9B73 /* Localizable.strings */ = {
			isa = PBXVariantGroup;
			children = (
				2A9DE54827B3D5DA000D9B73 /* de */,
			);
			name = Localizable.strings;
			sourceTree = "<group>";
		};
/* End PBXVariantGroup section */

/* Begin XCBuildConfiguration section */
		2A5A7D8727ADA4C60095A34E /* Debug */ = {
			isa = XCBuildConfiguration;
			buildSettings = {
				ALWAYS_SEARCH_USER_PATHS = NO;
				CLANG_ANALYZER_LOCALIZABILITY_NONLOCALIZED = YES;
				CLANG_ANALYZER_NONNULL = YES;
				CLANG_ANALYZER_NUMBER_OBJECT_CONVERSION = YES_AGGRESSIVE;
				CLANG_CXX_LANGUAGE_STANDARD = "gnu++17";
				CLANG_CXX_LIBRARY = "libc++";
				CLANG_ENABLE_MODULES = YES;
				CLANG_ENABLE_OBJC_ARC = YES;
				CLANG_ENABLE_OBJC_WEAK = YES;
				CLANG_WARN_BLOCK_CAPTURE_AUTORELEASING = YES;
				CLANG_WARN_BOOL_CONVERSION = YES;
				CLANG_WARN_COMMA = YES;
				CLANG_WARN_CONSTANT_CONVERSION = YES;
				CLANG_WARN_DEPRECATED_OBJC_IMPLEMENTATIONS = YES;
				CLANG_WARN_DIRECT_OBJC_ISA_USAGE = YES_ERROR;
				CLANG_WARN_DOCUMENTATION_COMMENTS = YES;
				CLANG_WARN_EMPTY_BODY = YES;
				CLANG_WARN_ENUM_CONVERSION = YES;
				CLANG_WARN_INFINITE_RECURSION = YES;
				CLANG_WARN_INT_CONVERSION = YES;
				CLANG_WARN_NON_LITERAL_NULL_CONVERSION = YES;
				CLANG_WARN_OBJC_IMPLICIT_RETAIN_SELF = YES;
				CLANG_WARN_OBJC_LITERAL_CONVERSION = YES;
				CLANG_WARN_OBJC_ROOT_CLASS = YES_ERROR;
				CLANG_WARN_QUOTED_INCLUDE_IN_FRAMEWORK_HEADER = YES;
				CLANG_WARN_RANGE_LOOP_ANALYSIS = YES;
				CLANG_WARN_STRICT_PROTOTYPES = YES;
				CLANG_WARN_SUSPICIOUS_MOVE = YES;
				CLANG_WARN_UNGUARDED_AVAILABILITY = YES_AGGRESSIVE;
				CLANG_WARN_UNREACHABLE_CODE = YES;
				CLANG_WARN__DUPLICATE_METHOD_MATCH = YES;
				COPY_PHASE_STRIP = NO;
				DEBUG_INFORMATION_FORMAT = dwarf;
				ENABLE_STRICT_OBJC_MSGSEND = YES;
				ENABLE_TESTABILITY = YES;
				GCC_C_LANGUAGE_STANDARD = gnu11;
				GCC_DYNAMIC_NO_PIC = NO;
				GCC_NO_COMMON_BLOCKS = YES;
				GCC_OPTIMIZATION_LEVEL = 0;
				GCC_PREPROCESSOR_DEFINITIONS = (
					"DEBUG=1",
					"$(inherited)",
				);
				GCC_WARN_64_TO_32_BIT_CONVERSION = YES;
				GCC_WARN_ABOUT_RETURN_TYPE = YES_ERROR;
				GCC_WARN_UNDECLARED_SELECTOR = YES;
				GCC_WARN_UNINITIALIZED_AUTOS = YES_AGGRESSIVE;
				GCC_WARN_UNUSED_FUNCTION = YES;
				GCC_WARN_UNUSED_VARIABLE = YES;
				MACOSX_DEPLOYMENT_TARGET = 10.15;
				MTL_ENABLE_DEBUG_INFO = INCLUDE_SOURCE;
				MTL_FAST_MATH = YES;
				ONLY_ACTIVE_ARCH = YES;
				SDKROOT = macosx;
				SWIFT_ACTIVE_COMPILATION_CONDITIONS = DEBUG;
				SWIFT_OPTIMIZATION_LEVEL = "-Onone";
			};
			name = Debug;
		};
		2A5A7D8827ADA4C60095A34E /* Release */ = {
			isa = XCBuildConfiguration;
			buildSettings = {
				ALWAYS_SEARCH_USER_PATHS = NO;
				CLANG_ANALYZER_LOCALIZABILITY_NONLOCALIZED = YES;
				CLANG_ANALYZER_NONNULL = YES;
				CLANG_ANALYZER_NUMBER_OBJECT_CONVERSION = YES_AGGRESSIVE;
				CLANG_CXX_LANGUAGE_STANDARD = "gnu++17";
				CLANG_CXX_LIBRARY = "libc++";
				CLANG_ENABLE_MODULES = YES;
				CLANG_ENABLE_OBJC_ARC = YES;
				CLANG_ENABLE_OBJC_WEAK = YES;
				CLANG_WARN_BLOCK_CAPTURE_AUTORELEASING = YES;
				CLANG_WARN_BOOL_CONVERSION = YES;
				CLANG_WARN_COMMA = YES;
				CLANG_WARN_CONSTANT_CONVERSION = YES;
				CLANG_WARN_DEPRECATED_OBJC_IMPLEMENTATIONS = YES;
				CLANG_WARN_DIRECT_OBJC_ISA_USAGE = YES_ERROR;
				CLANG_WARN_DOCUMENTATION_COMMENTS = YES;
				CLANG_WARN_EMPTY_BODY = YES;
				CLANG_WARN_ENUM_CONVERSION = YES;
				CLANG_WARN_INFINITE_RECURSION = YES;
				CLANG_WARN_INT_CONVERSION = YES;
				CLANG_WARN_NON_LITERAL_NULL_CONVERSION = YES;
				CLANG_WARN_OBJC_IMPLICIT_RETAIN_SELF = YES;
				CLANG_WARN_OBJC_LITERAL_CONVERSION = YES;
				CLANG_WARN_OBJC_ROOT_CLASS = YES_ERROR;
				CLANG_WARN_QUOTED_INCLUDE_IN_FRAMEWORK_HEADER = YES;
				CLANG_WARN_RANGE_LOOP_ANALYSIS = YES;
				CLANG_WARN_STRICT_PROTOTYPES = YES;
				CLANG_WARN_SUSPICIOUS_MOVE = YES;
				CLANG_WARN_UNGUARDED_AVAILABILITY = YES_AGGRESSIVE;
				CLANG_WARN_UNREACHABLE_CODE = YES;
				CLANG_WARN__DUPLICATE_METHOD_MATCH = YES;
				COPY_PHASE_STRIP = NO;
				DEBUG_INFORMATION_FORMAT = "dwarf-with-dsym";
				ENABLE_NS_ASSERTIONS = NO;
				ENABLE_STRICT_OBJC_MSGSEND = YES;
				GCC_C_LANGUAGE_STANDARD = gnu11;
				GCC_NO_COMMON_BLOCKS = YES;
				GCC_WARN_64_TO_32_BIT_CONVERSION = YES;
				GCC_WARN_ABOUT_RETURN_TYPE = YES_ERROR;
				GCC_WARN_UNDECLARED_SELECTOR = YES;
				GCC_WARN_UNINITIALIZED_AUTOS = YES_AGGRESSIVE;
				GCC_WARN_UNUSED_FUNCTION = YES;
				GCC_WARN_UNUSED_VARIABLE = YES;
				MACOSX_DEPLOYMENT_TARGET = 10.15;
				MTL_ENABLE_DEBUG_INFO = NO;
				MTL_FAST_MATH = YES;
				SDKROOT = macosx;
				SWIFT_COMPILATION_MODE = wholemodule;
				SWIFT_OPTIMIZATION_LEVEL = "-O";
			};
			name = Release;
		};
		2A5A7D8A27ADA4C60095A34E /* Debug */ = {
			isa = XCBuildConfiguration;
			buildSettings = {
				ASSETCATALOG_COMPILER_APPICON_NAME = AppIcon;
				ASSETCATALOG_COMPILER_GLOBAL_ACCENT_COLOR_NAME = AccentColor;
				CODE_SIGN_ENTITLEMENTS = "Spiel Einstellungen/Spiel_Einstellungen.entitlements";
				CODE_SIGN_STYLE = Manual;
				COMBINE_HIDPI_IMAGES = YES;
				CURRENT_PROJECT_VERSION = 13;
				DEVELOPMENT_TEAM = "";
				GENERATE_INFOPLIST_FILE = YES;
				INFOPLIST_FILE = "Game-Config-SimCity-4-Info.plist";
				INFOPLIST_KEY_LSApplicationCategoryType = "public.app-category.games";
				INFOPLIST_KEY_NSHumanReadableCopyright = "Sascha Lamprecht";
				INFOPLIST_KEY_NSMainStoryboardFile = Main;
				INFOPLIST_KEY_NSPrincipalClass = NSApplication;
				LD_RUNPATH_SEARCH_PATHS = (
					"$(inherited)",
					"@executable_path/../Frameworks",
				);
				MACOSX_DEPLOYMENT_TARGET = 10.15;
				MARKETING_VERSION = 1.0.3;
				PRODUCT_BUNDLE_IDENTIFIER = "gameconfig-simcity4.slsoft.de";
				PRODUCT_NAME = "$(TARGET_NAME)";
				PROVISIONING_PROFILE_SPECIFIER = "";
				SWIFT_EMIT_LOC_STRINGS = YES;
				SWIFT_VERSION = 5.0;
			};
			name = Debug;
		};
		2A5A7D8B27ADA4C60095A34E /* Release */ = {
			isa = XCBuildConfiguration;
			buildSettings = {
				ASSETCATALOG_COMPILER_APPICON_NAME = AppIcon;
				ASSETCATALOG_COMPILER_GLOBAL_ACCENT_COLOR_NAME = AccentColor;
				CODE_SIGN_ENTITLEMENTS = "Spiel Einstellungen/Spiel_Einstellungen.entitlements";
				CODE_SIGN_STYLE = Manual;
				COMBINE_HIDPI_IMAGES = YES;
				CURRENT_PROJECT_VERSION = 13;
				DEVELOPMENT_TEAM = "";
				GENERATE_INFOPLIST_FILE = YES;
				INFOPLIST_FILE = "Game-Config-SimCity-4-Info.plist";
				INFOPLIST_KEY_LSApplicationCategoryType = "public.app-category.games";
				INFOPLIST_KEY_NSHumanReadableCopyright = "Sascha Lamprecht";
				INFOPLIST_KEY_NSMainStoryboardFile = Main;
				INFOPLIST_KEY_NSPrincipalClass = NSApplication;
				LD_RUNPATH_SEARCH_PATHS = (
					"$(inherited)",
					"@executable_path/../Frameworks",
				);
				MACOSX_DEPLOYMENT_TARGET = 10.15;
				MARKETING_VERSION = 1.0.3;
				PRODUCT_BUNDLE_IDENTIFIER = "gameconfig-simcity4.slsoft.de";
				PRODUCT_NAME = "$(TARGET_NAME)";
				PROVISIONING_PROFILE_SPECIFIER = "";
				SWIFT_EMIT_LOC_STRINGS = YES;
				SWIFT_VERSION = 5.0;
			};
			name = Release;
		};
/* End XCBuildConfiguration section */

/* Begin XCConfigurationList section */
		2A5A7D7527ADA4C50095A34E /* Build configuration list for PBXProject "Game Config SimCity 4" */ = {
			isa = XCConfigurationList;
			buildConfigurations = (
				2A5A7D8727ADA4C60095A34E /* Debug */,
				2A5A7D8827ADA4C60095A34E /* Release */,
			);
			defaultConfigurationIsVisible = 0;
			defaultConfigurationName = Release;
		};
		2A5A7D8927ADA4C60095A34E /* Build configuration list for PBXNativeTarget "Game Config SimCity 4" */ = {
			isa = XCConfigurationList;
			buildConfigurations = (
				2A5A7D8A27ADA4C60095A34E /* Debug */,
				2A5A7D8B27ADA4C60095A34E /* Release */,
			);
			defaultConfigurationIsVisible = 0;
			defaultConfigurationName = Release;
		};
/* End XCConfigurationList section */

/* Begin XCRemoteSwiftPackageReference section */
		2AFE49F527BFE82B0077D54A /* XCRemoteSwiftPackageReference "Sparkle" */ = {
			isa = XCRemoteSwiftPackageReference;
			repositoryURL = "https://github.com/sparkle-project/Sparkle";
			requirement = {
				kind = upToNextMajorVersion;
				minimumVersion = 2.0.0;
			};
		};
/* End XCRemoteSwiftPackageReference section */

/* Begin XCSwiftPackageProductDependency section */
		2AFE49F627BFE82B0077D54A /* Sparkle */ = {
			isa = XCSwiftPackageProductDependency;
			package = 2AFE49F527BFE82B0077D54A /* XCRemoteSwiftPackageReference "Sparkle" */;
			productName = Sparkle;
		};
/* End XCSwiftPackageProductDependency section */
	};
	rootObject = 2A5A7D7227ADA4C50095A34E /* Project object */;
}
